{
  "name": "proxyharvest",
  "version": "42.0.1-github-main-auto-control-center",
  "lockfileVersion": 3,
  "requires": true,
  "packages": {
    "": {
      "name": "proxyharvest",
      "version": "42.0.1-github-main-auto-control-center",
      "engines": {
        "node": ">=22"
      }
    }
  }
}
